
Microsoft Visual Studio Solution File, Format Version 12.00
# Visual Studio Version 17
VisualStudioVersion = 17.0.31903.59
MinimumVisualStudioVersion = 10.0.40219.1
Project("{FAE04EC0-301F-11D3-BF4B-00C04F79EFBC}") = "WS_EuBank_SOAPDOTNET_GR03", "01.SERVIDOR\WS_EuBank_SOAPDOTNET_GR05\WS_EuBank_SOAPDOTNET_GR03\WS_EuBank_SOAPDOTNET_GR03.csproj", "{2E45FFEE-9FC2-40A7-A718-36FB6E83D3A0}"
EndProject
Project("{FAE04EC0-301F-11D3-BF4B-00C04F79EFBC}") = "CLIESC_EuBank_SOAPDOTNET_GR03", "02. CLIESC\CLIESC_EuBank_SOAPDOTNET_GR03\CLIESC_EuBank_SOAPDOTNET_GR03.csproj", "{7DFF66A9-5AD0-4930-A6A5-305DD6EA3904}"
EndProject
Project("{FAE04EC0-301F-11D3-BF4B-00C04F79EFBC}") = "CLICON_EuBank_SOAPDOTNET_GR03", "02. CLICON\CLICON_EuBank_SOAPDOTNET_GR03\CLICON_EuBank_SOAPDOTNET_GR03\CLICON_EuBank_SOAPDOTNET_GR03.csproj", "{7DFF66A9-5AD0-4930-A6A5-305DD6EA3905}"
EndProject
Project("{FAE04EC0-301F-11D3-BF4B-00C04F79EFBC}") = "CLIMOV_EurekaBank_SOAPDOTNET_GR03", "02.CLIMOV\CLIMOV_EurekaBank_SOAPDOTNET_GR03\CLIMOV_EurekaBank_SOAPDOTNET_GR03\CLIMOV_EurekaBank_SOAPDOTNET_GR03.csproj", "{B43D56F9-4B1E-4F17-8985-03382893D1E0}"
EndProject
Project("{FAE04EC0-301F-11D3-BF4B-00C04F79EFBC}") = "CLIWEB_EuBank_SOAPDOTNET_GR03", "02. CLIWEB\CLIWEB_EuBank_SOAPDOTNET_GR03\CLIWEB_EuBank_SOAPDOTNET_GR03\CLIWEB_EuBank_SOAPDOTNET_GR03.csproj", "{5852BEB3-BD13-4463-A252-7DE21AA022E7}"
EndProject
Global
	GlobalSection(SolutionConfigurationPlatforms) = preSolution
		Debug|Any CPU = Debug|Any CPU
		Release|Any CPU = Release|Any CPU
	EndGlobalSection
	GlobalSection(ProjectConfigurationPlatforms) = postSolution
		{2E45FFEE-9FC2-40A7-A718-36FB6E83D3A0}.Debug|Any CPU.ActiveCfg = Debug|Any CPU
		{2E45FFEE-9FC2-40A7-A718-36FB6E83D3A0}.Debug|Any CPU.Build.0 = Debug|Any CPU
		{2E45FFEE-9FC2-40A7-A718-36FB6E83D3A0}.Release|Any CPU.ActiveCfg = Release|Any CPU
		{2E45FFEE-9FC2-40A7-A718-36FB6E83D3A0}.Release|Any CPU.Build.0 = Release|Any CPU
		{7DFF66A9-5AD0-4930-A6A5-305DD6EA3904}.Debug|Any CPU.ActiveCfg = Debug|Any CPU
		{7DFF66A9-5AD0-4930-A6A5-305DD6EA3904}.Debug|Any CPU.Build.0 = Debug|Any CPU
		{7DFF66A9-5AD0-4930-A6A5-305DD6EA3904}.Release|Any CPU.ActiveCfg = Release|Any CPU
		{7DFF66A9-5AD0-4930-A6A5-305DD6EA3904}.Release|Any CPU.Build.0 = Release|Any CPU
		{7DFF66A9-5AD0-4930-A6A5-305DD6EA3905}.Debug|Any CPU.ActiveCfg = Debug|Any CPU
		{7DFF66A9-5AD0-4930-A6A5-305DD6EA3905}.Debug|Any CPU.Build.0 = Debug|Any CPU
		{7DFF66A9-5AD0-4930-A6A5-305DD6EA3905}.Release|Any CPU.ActiveCfg = Release|Any CPU
		{7DFF66A9-5AD0-4930-A6A5-305DD6EA3905}.Release|Any CPU.Build.0 = Release|Any CPU
		{B43D56F9-4B1E-4F17-8985-03382893D1E0}.Debug|Any CPU.ActiveCfg = Debug|Any CPU
		{B43D56F9-4B1E-4F17-8985-03382893D1E0}.Debug|Any CPU.Build.0 = Debug|Any CPU
		{B43D56F9-4B1E-4F17-8985-03382893D1E0}.Release|Any CPU.ActiveCfg = Release|Any CPU
		{B43D56F9-4B1E-4F17-8985-03382893D1E0}.Release|Any CPU.Build.0 = Release|Any CPU
		{5852BEB3-BD13-4463-A252-7DE21AA022E7}.Debug|Any CPU.ActiveCfg = Debug|Any CPU
		{5852BEB3-BD13-4463-A252-7DE21AA022E7}.Debug|Any CPU.Build.0 = Debug|Any CPU
		{5852BEB3-BD13-4463-A252-7DE21AA022E7}.Release|Any CPU.ActiveCfg = Release|Any CPU
		{5852BEB3-BD13-4463-A252-7DE21AA022E7}.Release|Any CPU.Build.0 = Release|Any CPU
	EndGlobalSection
	GlobalSection(SolutionProperties) = preSolution
		HideSolutionNode = FALSE
	EndGlobalSection
	GlobalSection(ExtensibilityGlobals) = postSolution
		SolutionGuid = {B4C5D6E7-F8A9-40B1-C2D3-45E6F7A8B9C0}
	EndGlobalSection
EndGlobal
